
Microsoft Visual Studio Solution File, Format Version 12.00
# Visual Studio 15
VisualStudioVersion = 15.0.27130.2010
MinimumVisualStudioVersion = 10.0.40219.1
Project("{FAE04EC0-301F-11D3-BF4B-00C04F79EFBC}") = "MovieMakerHelper", "MovieMakerHelper\MovieMakerHelper.csproj", "{C518616C-E923-4CDF-B432-95CF4A970727}"
EndProject
Project("{FAE04EC0-301F-11D3-BF4B-00C04F79EFBC}") = "FileSystemCrawler", "FileSystemCrawler\FileSystemCrawler.csproj", "{8C5568FF-EDD2-41DD-AF40-2AE9222F0C6D}"
EndProject
Global
	GlobalSection(SolutionConfigurationPlatforms) = preSolution
		Debug|Any CPU = Debug|Any CPU
		Release|Any CPU = Release|Any CPU
	EndGlobalSection
	GlobalSection(ProjectConfigurationPlatforms) = postSolution
		{C518616C-E923-4CDF-B432-95CF4A970727}.Debug|Any CPU.ActiveCfg = Debug|Any CPU
		{C518616C-E923-4CDF-B432-95CF4A970727}.Debug|Any CPU.Build.0 = Debug|Any CPU
		{C518616C-E923-4CDF-B432-95CF4A970727}.Release|Any CPU.ActiveCfg = Release|Any CPU
		{C518616C-E923-4CDF-B432-95CF4A970727}.Release|Any CPU.Build.0 = Release|Any CPU
		{8C5568FF-EDD2-41DD-AF40-2AE9222F0C6D}.Debug|Any CPU.ActiveCfg = Debug|Any CPU
		{8C5568FF-EDD2-41DD-AF40-2AE9222F0C6D}.Debug|Any CPU.Build.0 = Debug|Any CPU
		{8C5568FF-EDD2-41DD-AF40-2AE9222F0C6D}.Release|Any CPU.ActiveCfg = Release|Any CPU
		{8C5568FF-EDD2-41DD-AF40-2AE9222F0C6D}.Release|Any CPU.Build.0 = Release|Any CPU
	EndGlobalSection
	GlobalSection(SolutionProperties) = preSolution
		HideSolutionNode = FALSE
	EndGlobalSection
	GlobalSection(ExtensibilityGlobals) = postSolution
		SolutionGuid = {66BB8EE1-5A38-41F4-9183-655F1AA3D6A5}
	EndGlobalSection
EndGlobal
